// !$*UTF8*$!
{
	archiveVersion = 1;
	classes = {
	};
	objectVersion = 50;
	objects = {

/* Begin PBXBuildFile section */
		6C5312B120BD53BC007D39D7 /* mijnWebviewController.swift in Sources */ = {isa = PBXBuildFile; fileRef = 6C5312B020BD53BC007D39D7 /* mijnWebviewController.swift */; };
		6C5312B420BD8E64007D39D7 /* videoplayback.m4v in Resources */ = {isa = PBXBuildFile; fileRef = 6C5312B320BD8E18007D39D7 /* videoplayback.m4v */; };
		91D139E620B80C030041F3DC /* QRReaderViewController.swift in Sources */ = {isa = PBXBuildFile; fileRef = 91D139E520B80C030041F3DC /* QRReaderViewController.swift */; };
		9F0C093C20BD374E002715FB /* Tesla.png in Resources */ = {isa = PBXBuildFile; fileRef = 9F0C093920BD374D002715FB /* Tesla.png */; };
		9F0C093D20BD374E002715FB /* Bell.png in Resources */ = {isa = PBXBuildFile; fileRef = 9F0C093A20BD374E002715FB /* Bell.png */; };
		9F0C093E20BD374E002715FB /* Curie.png in Resources */ = {isa = PBXBuildFile; fileRef = 9F0C093B20BD374E002715FB /* Curie.png */; };
		9F34B26820B6F36200F23B8F /* Lato-Regular.ttf in Resources */ = {isa = PBXBuildFile; fileRef = 9F34B26720B6F36100F23B8F /* Lato-Regular.ttf */; };
		9F34B26A20B6F5A300F23B8F /* Logo2.png in Resources */ = {isa = PBXBuildFile; fileRef = 9F34B26920B6F5A300F23B8F /* Logo2.png */; };
		9F34B26C20B702EB00F23B8F /* KiesCategorieViewController.swift in Sources */ = {isa = PBXBuildFile; fileRef = 9F34B26B20B702EB00F23B8F /* KiesCategorieViewController.swift */; };
		9F34B27520B718FD00F23B8F /* logoHout.png in Resources */ = {isa = PBXBuildFile; fileRef = 9F34B26D20B718FB00F23B8F /* logoHout.png */; };
		9F34B27620B718FD00F23B8F /* textielLogoOranje.png in Resources */ = {isa = PBXBuildFile; fileRef = 9F34B26E20B718FB00F23B8F /* textielLogoOranje.png */; };
		9F34B27720B718FD00F23B8F /* metaalLogo.png in Resources */ = {isa = PBXBuildFile; fileRef = 9F34B26F20B718FC00F23B8F /* metaalLogo.png */; };
		9F34B27820B718FD00F23B8F /* logoBrooD.png in Resources */ = {isa = PBXBuildFile; fileRef = 9F34B27020B718FC00F23B8F /* logoBrooD.png */; };
		9F34B27920B718FD00F23B8F /* logoBroodGroen.png in Resources */ = {isa = PBXBuildFile; fileRef = 9F34B27120B718FC00F23B8F /* logoBroodGroen.png */; };
		9F34B27A20B718FD00F23B8F /* logoHoutWit.png in Resources */ = {isa = PBXBuildFile; fileRef = 9F34B27220B718FD00F23B8F /* logoHoutWit.png */; };
		9F34B27B20B718FD00F23B8F /* MetaalLogoBlauw.png in Resources */ = {isa = PBXBuildFile; fileRef = 9F34B27320B718FD00F23B8F /* MetaalLogoBlauw.png */; };
		9F34B27C20B718FD00F23B8F /* textielLogo.png in Resources */ = {isa = PBXBuildFile; fileRef = 9F34B27420B718FD00F23B8F /* textielLogo.png */; };
		9F34B27E20B72F6E00F23B8F /* QuizViewController.swift in Sources */ = {isa = PBXBuildFile; fileRef = 9F34B27D20B72F6E00F23B8F /* QuizViewController.swift */; };
		9F471E9420B7F7D8003BE5BB /* GebruikerViewController.swift in Sources */ = {isa = PBXBuildFile; fileRef = 9F471E9320B7F7D8003BE5BB /* GebruikerViewController.swift */; };
		9F6A372F20B6A8F800E11018 /* AppDelegate.swift in Sources */ = {isa = PBXBuildFile; fileRef = 9F6A372E20B6A8F800E11018 /* AppDelegate.swift */; };
		9F6A373120B6A8F800E11018 /* ViewController.swift in Sources */ = {isa = PBXBuildFile; fileRef = 9F6A373020B6A8F800E11018 /* ViewController.swift */; };
		9F6A373420B6A8F800E11018 /* Main.storyboard in Resources */ = {isa = PBXBuildFile; fileRef = 9F6A373220B6A8F800E11018 /* Main.storyboard */; };
		9F6A373720B6A8F800E11018 /* LaFonderie.xcdatamodeld in Sources */ = {isa = PBXBuildFile; fileRef = 9F6A373520B6A8F800E11018 /* LaFonderie.xcdatamodeld */; };
		9F6A373920B6A8FA00E11018 /* Assets.xcassets in Resources */ = {isa = PBXBuildFile; fileRef = 9F6A373820B6A8FA00E11018 /* Assets.xcassets */; };
		9F6A373C20B6A8FA00E11018 /* LaunchScreen.storyboard in Resources */ = {isa = PBXBuildFile; fileRef = 9F6A373A20B6A8FA00E11018 /* LaunchScreen.storyboard */; };
		9F7A743320B6EA3300FF5693 /* Montserrat-Regular.ttf in Resources */ = {isa = PBXBuildFile; fileRef = 9F7A743120B6EA3200FF5693 /* Montserrat-Regular.ttf */; };
		9F7A743420B6EA3300FF5693 /* Montserrat-Bold.ttf in Resources */ = {isa = PBXBuildFile; fileRef = 9F7A743220B6EA3300FF5693 /* Montserrat-Bold.ttf */; };
		9F7A743620B6EC2F00FF5693 /* logo.png in Resources */ = {isa = PBXBuildFile; fileRef = 9F7A743520B6EC2F00FF5693 /* logo.png */; };
		9F7A743820B6EE7800FF5693 /* Lato-Light.ttf in Resources */ = {isa = PBXBuildFile; fileRef = 9F7A743720B6EE7800FF5693 /* Lato-Light.ttf */; };
		9F7A743A20B6EF1400FF5693 /* S&S Nickson One.otf in Resources */ = {isa = PBXBuildFile; fileRef = 9F7A743920B6EF1400FF5693 /* S&S Nickson One.otf */; };
		9F7A743C20B6EF3E00FF5693 /* Bohem Press Free.otf in Resources */ = {isa = PBXBuildFile; fileRef = 9F7A743B20B6EF3E00FF5693 /* Bohem Press Free.otf */; };
		9F7A743E20B6F0FD00FF5693 /* MaakTeamViewController.swift in Sources */ = {isa = PBXBuildFile; fileRef = 9F7A743D20B6F0FD00FF5693 /* MaakTeamViewController.swift */; };
		9F7B165320BC2BA6000C8AFA /* WinnaarViewController.swift in Sources */ = {isa = PBXBuildFile; fileRef = 9F7B165220BC2BA6000C8AFA /* WinnaarViewController.swift */; };
		9F7B165520BC34CF000C8AFA /* podium.png in Resources */ = {isa = PBXBuildFile; fileRef = 9F7B165420BC34CF000C8AFA /* podium.png */; };
		9FBE2AC820B6DF9800DB3650 /* Background.jpg in Resources */ = {isa = PBXBuildFile; fileRef = 9FBE2AC720B6DF9800DB3650 /* Background.jpg */; };
		9FBE2ACA20B6E26D00DB3650 /* BackgroundWOverlay.jpg in Resources */ = {isa = PBXBuildFile; fileRef = 9FBE2AC920B6E26C00DB3650 /* BackgroundWOverlay.jpg */; };
		9FD49D2D20B6AD71009E0BC5 /* GoogleService-Info.plist in Resources */ = {isa = PBXBuildFile; fileRef = 9FD49D2C20B6AD70009E0BC5 /* GoogleService-Info.plist */; };
		C0B67D8F20BE8E8100BBED41 /* art.scnassets in Resources */ = {isa = PBXBuildFile; fileRef = C0B67D8E20BE8E8000BBED41 /* art.scnassets */; };
		C0B67D9420BE8EFB00BBED41 /* FirstArViewController.swift in Sources */ = {isa = PBXBuildFile; fileRef = C0B67D9020BE8EFA00BBED41 /* FirstArViewController.swift */; };
		C0B67D9520BE8EFB00BBED41 /* ThirdArViewController.swift in Sources */ = {isa = PBXBuildFile; fileRef = C0B67D9120BE8EFA00BBED41 /* ThirdArViewController.swift */; };
		C0B67D9620BE8EFB00BBED41 /* FourthArViewController.swift in Sources */ = {isa = PBXBuildFile; fileRef = C0B67D9220BE8EFA00BBED41 /* FourthArViewController.swift */; };
		C0B67D9720BE8EFB00BBED41 /* SecondArViewController.swift in Sources */ = {isa = PBXBuildFile; fileRef = C0B67D9320BE8EFB00BBED41 /* SecondArViewController.swift */; };
		D9A66B03FF33B03F83B4E65A /* Pods_LaFonderie.framework in Frameworks */ = {isa = PBXBuildFile; fileRef = FC0DD983DCA7115F03DC1E2A /* Pods_LaFonderie.framework */; };
/* End PBXBuildFile section */

/* Begin PBXFileReference section */
		0D3D646859E8F3CB75F15FE6 /* Pods-LaFonderie.release.xcconfig */ = {isa = PBXFileReference; includeInIndex = 1; lastKnownFileType = text.xcconfig; name = "Pods-LaFonderie.release.xcconfig"; path = "Pods/Target Support Files/Pods-LaFonderie/Pods-LaFonderie.release.xcconfig"; sourceTree = "<group>"; };
		6C5312B020BD53BC007D39D7 /* mijnWebviewController.swift */ = {isa = PBXFileReference; lastKnownFileType = sourcecode.swift; path = mijnWebviewController.swift; sourceTree = "<group>"; };
		6C5312B320BD8E18007D39D7 /* videoplayback.m4v */ = {isa = PBXFileReference; lastKnownFileType = file; name = videoplayback.m4v; path = ../../../../Downloads/videoplayback.m4v; sourceTree = "<group>"; };
		91D139E520B80C030041F3DC /* QRReaderViewController.swift */ = {isa = PBXFileReference; lastKnownFileType = sourcecode.swift; path = QRReaderViewController.swift; sourceTree = "<group>"; };
		9F0C093920BD374D002715FB /* Tesla.png */ = {isa = PBXFileReference; lastKnownFileType = image.png; path = Tesla.png; sourceTree = "<group>"; };
		9F0C093A20BD374E002715FB /* Bell.png */ = {isa = PBXFileReference; lastKnownFileType = image.png; path = Bell.png; sourceTree = "<group>"; };
		9F0C093B20BD374E002715FB /* Curie.png */ = {isa = PBXFileReference; lastKnownFileType = image.png; path = Curie.png; sourceTree = "<group>"; };
		9F34B26720B6F36100F23B8F /* Lato-Regular.ttf */ = {isa = PBXFileReference; lastKnownFileType = file; path = "Lato-Regular.ttf"; sourceTree = "<group>"; };
		9F34B26920B6F5A300F23B8F /* Logo2.png */ = {isa = PBXFileReference; lastKnownFileType = image.png; path = Logo2.png; sourceTree = "<group>"; };
		9F34B26B20B702EB00F23B8F /* KiesCategorieViewController.swift */ = {isa = PBXFileReference; lastKnownFileType = sourcecode.swift; path = KiesCategorieViewController.swift; sourceTree = "<group>"; };
		9F34B26D20B718FB00F23B8F /* logoHout.png */ = {isa = PBXFileReference; lastKnownFileType = image.png; path = logoHout.png; sourceTree = "<group>"; };
		9F34B26E20B718FB00F23B8F /* textielLogoOranje.png */ = {isa = PBXFileReference; lastKnownFileType = image.png; path = textielLogoOranje.png; sourceTree = "<group>"; };
		9F34B26F20B718FC00F23B8F /* metaalLogo.png */ = {isa = PBXFileReference; lastKnownFileType = image.png; path = metaalLogo.png; sourceTree = "<group>"; };
		9F34B27020B718FC00F23B8F /* logoBrooD.png */ = {isa = PBXFileReference; lastKnownFileType = image.png; path = logoBrooD.png; sourceTree = "<group>"; };
		9F34B27120B718FC00F23B8F /* logoBroodGroen.png */ = {isa = PBXFileReference; lastKnownFileType = image.png; path = logoBroodGroen.png; sourceTree = "<group>"; };
		9F34B27220B718FD00F23B8F /* logoHoutWit.png */ = {isa = PBXFileReference; lastKnownFileType = image.png; path = logoHoutWit.png; sourceTree = "<group>"; };
		9F34B27320B718FD00F23B8F /* MetaalLogoBlauw.png */ = {isa = PBXFileReference; lastKnownFileType = image.png; path = MetaalLogoBlauw.png; sourceTree = "<group>"; };
		9F34B27420B718FD00F23B8F /* textielLogo.png */ = {isa = PBXFileReference; lastKnownFileType = image.png; path = textielLogo.png; sourceTree = "<group>"; };
		9F34B27D20B72F6E00F23B8F /* QuizViewController.swift */ = {isa = PBXFileReference; lastKnownFileType = sourcecode.swift; path = QuizViewController.swift; sourceTree = "<group>"; };
		9F471E9320B7F7D8003BE5BB /* GebruikerViewController.swift */ = {isa = PBXFileReference; lastKnownFileType = sourcecode.swift; path = GebruikerViewController.swift; sourceTree = "<group>"; };
		9F6A372B20B6A8F800E11018 /* LaFonderie.app */ = {isa = PBXFileReference; explicitFileType = wrapper.application; includeInIndex = 0; path = LaFonderie.app; sourceTree = BUILT_PRODUCTS_DIR; };
		9F6A372E20B6A8F800E11018 /* AppDelegate.swift */ = {isa = PBXFileReference; lastKnownFileType = sourcecode.swift; path = AppDelegate.swift; sourceTree = "<group>"; };
		9F6A373020B6A8F800E11018 /* ViewController.swift */ = {isa = PBXFileReference; lastKnownFileType = sourcecode.swift; path = ViewController.swift; sourceTree = "<group>"; };
		9F6A373320B6A8F800E11018 /* Base */ = {isa = PBXFileReference; lastKnownFileType = file.storyboard; name = Base; path = Base.lproj/Main.storyboard; sourceTree = "<group>"; };
		9F6A373620B6A8F800E11018 /* LaFonderie.xcdatamodel */ = {isa = PBXFileReference; lastKnownFileType = wrapper.xcdatamodel; path = LaFonderie.xcdatamodel; sourceTree = "<group>"; };
		9F6A373820B6A8FA00E11018 /* Assets.xcassets */ = {isa = PBXFileReference; lastKnownFileType = folder.assetcatalog; path = Assets.xcassets; sourceTree = "<group>"; };
		9F6A373B20B6A8FA00E11018 /* Base */ = {isa = PBXFileReference; lastKnownFileType = file.storyboard; name = Base; path = Base.lproj/LaunchScreen.storyboard; sourceTree = "<group>"; };
		9F6A373D20B6A8FA00E11018 /* Info.plist */ = {isa = PBXFileReference; lastKnownFileType = text.plist.xml; path = Info.plist; sourceTree = "<group>"; };
		9F7A743120B6EA3200FF5693 /* Montserrat-Regular.ttf */ = {isa = PBXFileReference; lastKnownFileType = file; path = "Montserrat-Regular.ttf"; sourceTree = "<group>"; };
		9F7A743220B6EA3300FF5693 /* Montserrat-Bold.ttf */ = {isa = PBXFileReference; lastKnownFileType = file; path = "Montserrat-Bold.ttf"; sourceTree = "<group>"; };
		9F7A743520B6EC2F00FF5693 /* logo.png */ = {isa = PBXFileReference; lastKnownFileType = image.png; path = logo.png; sourceTree = "<group>"; };
		9F7A743720B6EE7800FF5693 /* Lato-Light.ttf */ = {isa = PBXFileReference; lastKnownFileType = file; path = "Lato-Light.ttf"; sourceTree = "<group>"; };
		9F7A743920B6EF1400FF5693 /* S&S Nickson One.otf */ = {isa = PBXFileReference; lastKnownFileType = file; path = "S&S Nickson One.otf"; sourceTree = "<group>"; };
		9F7A743B20B6EF3E00FF5693 /* Bohem Press Free.otf */ = {isa = PBXFileReference; lastKnownFileType = file; path = "Bohem Press Free.otf"; sourceTree = "<group>"; };
		9F7A743D20B6F0FD00FF5693 /* MaakTeamViewController.swift */ = {isa = PBXFileReference; lastKnownFileType = sourcecode.swift; path = MaakTeamViewController.swift; sourceTree = "<group>"; };
		9F7B165220BC2BA6000C8AFA /* WinnaarViewController.swift */ = {isa = PBXFileReference; lastKnownFileType = sourcecode.swift; path = WinnaarViewController.swift; sourceTree = "<group>"; };
		9F7B165420BC34CF000C8AFA /* podium.png */ = {isa = PBXFileReference; lastKnownFileType = image.png; path = podium.png; sourceTree = "<group>"; };
		9FBE2AC720B6DF9800DB3650 /* Background.jpg */ = {isa = PBXFileReference; lastKnownFileType = image.jpeg; path = Background.jpg; sourceTree = "<group>"; };
		9FBE2AC920B6E26C00DB3650 /* BackgroundWOverlay.jpg */ = {isa = PBXFileReference; lastKnownFileType = image.jpeg; path = BackgroundWOverlay.jpg; sourceTree = "<group>"; };
		9FD49D2C20B6AD70009E0BC5 /* GoogleService-Info.plist */ = {isa = PBXFileReference; fileEncoding = 4; lastKnownFileType = text.plist.xml; path = "GoogleService-Info.plist"; sourceTree = "<group>"; };
		C0B67D8E20BE8E8000BBED41 /* art.scnassets */ = {isa = PBXFileReference; lastKnownFileType = wrapper.scnassets; path = art.scnassets; sourceTree = "<group>"; };
		C0B67D9020BE8EFA00BBED41 /* FirstArViewController.swift */ = {isa = PBXFileReference; fileEncoding = 4; lastKnownFileType = sourcecode.swift; path = FirstArViewController.swift; sourceTree = "<group>"; };
		C0B67D9120BE8EFA00BBED41 /* ThirdArViewController.swift */ = {isa = PBXFileReference; fileEncoding = 4; lastKnownFileType = sourcecode.swift; path = ThirdArViewController.swift; sourceTree = "<group>"; };
		C0B67D9220BE8EFA00BBED41 /* FourthArViewController.swift */ = {isa = PBXFileReference; fileEncoding = 4; lastKnownFileType = sourcecode.swift; path = FourthArViewController.swift; sourceTree = "<group>"; };
		C0B67D9320BE8EFB00BBED41 /* SecondArViewController.swift */ = {isa = PBXFileReference; fileEncoding = 4; lastKnownFileType = sourcecode.swift; path = SecondArViewController.swift; sourceTree = "<group>"; };
		DBEC998831A1263E62EE7E53 /* Pods-LaFonderie.debug.xcconfig */ = {isa = PBXFileReference; includeInIndex = 1; lastKnownFileType = text.xcconfig; name = "Pods-LaFonderie.debug.xcconfig"; path = "Pods/Target Support Files/Pods-LaFonderie/Pods-LaFonderie.debug.xcconfig"; sourceTree = "<group>"; };
		FC0DD983DCA7115F03DC1E2A /* Pods_LaFonderie.framework */ = {isa = PBXFileReference; explicitFileType = wrapper.framework; includeInIndex = 0; path = Pods_LaFonderie.framework; sourceTree = BUILT_PRODUCTS_DIR; };
/* End PBXFileReference section */

/* Begin PBXFrameworksBuildPhase section */
		9F6A372820B6A8F800E11018 /* Frameworks */ = {
			isa = PBXFrameworksBuildPhase;
			buildActionMask = 2147483647;
			files = (
				D9A66B03FF33B03F83B4E65A /* Pods_LaFonderie.framework in Frameworks */,
			);
			runOnlyForDeploymentPostprocessing = 0;
		};
/* End PBXFrameworksBuildPhase section */

/* Begin PBXGroup section */
		26216BA5B075191C4E1E298B /* Pods */ = {
			isa = PBXGroup;
			children = (
				DBEC998831A1263E62EE7E53 /* Pods-LaFonderie.debug.xcconfig */,
				0D3D646859E8F3CB75F15FE6 /* Pods-LaFonderie.release.xcconfig */,
			);
			name = Pods;
			sourceTree = "<group>";
		};
		6C5312B220BD8E04007D39D7 /* videos */ = {
			isa = PBXGroup;
			children = (
				6C5312B320BD8E18007D39D7 /* videoplayback.m4v */,
			);
			path = videos;
			sourceTree = "<group>";
		};
		84BE0AC8DCEFF46A1B9EDB6F /* Frameworks */ = {
			isa = PBXGroup;
			children = (
				FC0DD983DCA7115F03DC1E2A /* Pods_LaFonderie.framework */,
			);
			name = Frameworks;
			sourceTree = "<group>";
		};
		9F6A372220B6A8F800E11018 = {
			isa = PBXGroup;
			children = (
				9F6A372D20B6A8F800E11018 /* LaFonderie */,
				9F6A372C20B6A8F800E11018 /* Products */,
				26216BA5B075191C4E1E298B /* Pods */,
				84BE0AC8DCEFF46A1B9EDB6F /* Frameworks */,
			);
			sourceTree = "<group>";
		};
		9F6A372C20B6A8F800E11018 /* Products */ = {
			isa = PBXGroup;
			children = (
				9F6A372B20B6A8F800E11018 /* LaFonderie.app */,
			);
			name = Products;
			sourceTree = "<group>";
		};
		9F6A372D20B6A8F800E11018 /* LaFonderie */ = {
			isa = PBXGroup;
			children = (
				6C5312B220BD8E04007D39D7 /* videos */,
				9F7A743020B6EA1200FF5693 /* fonts */,
				9FBE2AC620B6DF2100DB3650 /* images */,
				9FD49D2C20B6AD70009E0BC5 /* GoogleService-Info.plist */,
				9F6A372E20B6A8F800E11018 /* AppDelegate.swift */,
				9F6A373020B6A8F800E11018 /* ViewController.swift */,
				9F6A373220B6A8F800E11018 /* Main.storyboard */,
				C0B67D8E20BE8E8000BBED41 /* art.scnassets */,
				9F6A373820B6A8FA00E11018 /* Assets.xcassets */,
				9F6A373A20B6A8FA00E11018 /* LaunchScreen.storyboard */,
				9F6A373D20B6A8FA00E11018 /* Info.plist */,
				9F6A373520B6A8F800E11018 /* LaFonderie.xcdatamodeld */,
				C0B67D9020BE8EFA00BBED41 /* FirstArViewController.swift */,
				C0B67D9220BE8EFA00BBED41 /* FourthArViewController.swift */,
				C0B67D9320BE8EFB00BBED41 /* SecondArViewController.swift */,
				C0B67D9120BE8EFA00BBED41 /* ThirdArViewController.swift */,
				9F7A743D20B6F0FD00FF5693 /* MaakTeamViewController.swift */,
				9F34B26B20B702EB00F23B8F /* KiesCategorieViewController.swift */,
				9F34B27D20B72F6E00F23B8F /* QuizViewController.swift */,
				9F471E9320B7F7D8003BE5BB /* GebruikerViewController.swift */,
				91D139E520B80C030041F3DC /* QRReaderViewController.swift */,
				9F7B165220BC2BA6000C8AFA /* WinnaarViewController.swift */,
				6C5312B020BD53BC007D39D7 /* mijnWebviewController.swift */,
			);
			path = LaFonderie;
			sourceTree = "<group>";
		};
		9F7A743020B6EA1200FF5693 /* fonts */ = {
			isa = PBXGroup;
			children = (
				9F34B26720B6F36100F23B8F /* Lato-Regular.ttf */,
				9F7A743220B6EA3300FF5693 /* Montserrat-Bold.ttf */,
				9F7A743B20B6EF3E00FF5693 /* Bohem Press Free.otf */,
				9F7A743720B6EE7800FF5693 /* Lato-Light.ttf */,
				9F7A743920B6EF1400FF5693 /* S&S Nickson One.otf */,
				9F7A743120B6EA3200FF5693 /* Montserrat-Regular.ttf */,
			);
			path = fonts;
			sourceTree = "<group>";
		};
		9FBE2AC620B6DF2100DB3650 /* images */ = {
			isa = PBXGroup;
			children = (
				9F0C093A20BD374E002715FB /* Bell.png */,
				9F0C093B20BD374E002715FB /* Curie.png */,
				9F0C093920BD374D002715FB /* Tesla.png */,
				9F7B165420BC34CF000C8AFA /* podium.png */,
				9F34B27020B718FC00F23B8F /* logoBrooD.png */,
				9F34B27120B718FC00F23B8F /* logoBroodGroen.png */,
				9F34B26D20B718FB00F23B8F /* logoHout.png */,
				9F34B27220B718FD00F23B8F /* logoHoutWit.png */,
				9F34B26F20B718FC00F23B8F /* metaalLogo.png */,
				9F34B27320B718FD00F23B8F /* MetaalLogoBlauw.png */,
				9F34B27420B718FD00F23B8F /* textielLogo.png */,
				9F34B26E20B718FB00F23B8F /* textielLogoOranje.png */,
				9F34B26920B6F5A300F23B8F /* Logo2.png */,
				9FBE2AC720B6DF9800DB3650 /* Background.jpg */,
				9F7A743520B6EC2F00FF5693 /* logo.png */,
				9FBE2AC920B6E26C00DB3650 /* BackgroundWOverlay.jpg */,
			);
			path = images;
			sourceTree = "<group>";
		};
/* End PBXGroup section */

/* Begin PBXNativeTarget section */
		9F6A372A20B6A8F800E11018 /* LaFonderie */ = {
			isa = PBXNativeTarget;
			buildConfigurationList = 9F6A374020B6A8FA00E11018 /* Build configuration list for PBXNativeTarget "LaFonderie" */;
			buildPhases = (
				38E8F9E188FE922CE268E66E /* [CP] Check Pods Manifest.lock */,
				9F6A372720B6A8F800E11018 /* Sources */,
				9F6A372820B6A8F800E11018 /* Frameworks */,
				9F6A372920B6A8F800E11018 /* Resources */,
				C2F68E4F5C3FE63204E893E8 /* [CP] Embed Pods Frameworks */,
			);
			buildRules = (
			);
			dependencies = (
			);
			name = LaFonderie;
			productName = LaFonderie;
			productReference = 9F6A372B20B6A8F800E11018 /* LaFonderie.app */;
			productType = "com.apple.product-type.application";
		};
/* End PBXNativeTarget section */

/* Begin PBXProject section */
		9F6A372320B6A8F800E11018 /* Project object */ = {
			isa = PBXProject;
			attributes = {
				LastSwiftUpdateCheck = 0930;
				LastUpgradeCheck = 0930;
				ORGANIZATIONNAME = "Gunnar Hemmeryckx";
				TargetAttributes = {
					9F6A372A20B6A8F800E11018 = {
						CreatedOnToolsVersion = 9.3.1;
					};
				};
			};
			buildConfigurationList = 9F6A372620B6A8F800E11018 /* Build configuration list for PBXProject "LaFonderie" */;
			compatibilityVersion = "Xcode 9.3";
			developmentRegion = en;
			hasScannedForEncodings = 0;
			knownRegions = (
				en,
				Base,
			);
			mainGroup = 9F6A372220B6A8F800E11018;
			productRefGroup = 9F6A372C20B6A8F800E11018 /* Products */;
			projectDirPath = "";
			projectRoot = "";
			targets = (
				9F6A372A20B6A8F800E11018 /* LaFonderie */,
			);
		};
/* End PBXProject section */

/* Begin PBXResourcesBuildPhase section */
		9F6A372920B6A8F800E11018 /* Resources */ = {
			isa = PBXResourcesBuildPhase;
			buildActionMask = 2147483647;
			files = (
				6C5312B420BD8E64007D39D7 /* videoplayback.m4v in Resources */,
				9F34B27920B718FD00F23B8F /* logoBroodGroen.png in Resources */,
				9F7A743320B6EA3300FF5693 /* Montserrat-Regular.ttf in Resources */,
				9F6A373C20B6A8FA00E11018 /* LaunchScreen.storyboard in Resources */,
				9F7A743620B6EC2F00FF5693 /* logo.png in Resources */,
				9F34B27C20B718FD00F23B8F /* textielLogo.png in Resources */,
				9F7B165520BC34CF000C8AFA /* podium.png in Resources */,
				9FD49D2D20B6AD71009E0BC5 /* GoogleService-Info.plist in Resources */,
				9FBE2ACA20B6E26D00DB3650 /* BackgroundWOverlay.jpg in Resources */,
				9F7A743C20B6EF3E00FF5693 /* Bohem Press Free.otf in Resources */,
				9F7A743820B6EE7800FF5693 /* Lato-Light.ttf in Resources */,
				9F34B27820B718FD00F23B8F /* logoBrooD.png in Resources */,
				9F34B27620B718FD00F23B8F /* textielLogoOranje.png in Resources */,
				9F0C093E20BD374E002715FB /* Curie.png in Resources */,
				9FBE2AC820B6DF9800DB3650 /* Background.jpg in Resources */,
				9F7A743420B6EA3300FF5693 /* Montserrat-Bold.ttf in Resources */,
				9F6A373920B6A8FA00E11018 /* Assets.xcassets in Resources */,
				C0B67D8F20BE8E8100BBED41 /* art.scnassets in Resources */,
				9F34B26820B6F36200F23B8F /* Lato-Regular.ttf in Resources */,
				9F7A743A20B6EF1400FF5693 /* S&S Nickson One.otf in Resources */,
				9F0C093D20BD374E002715FB /* Bell.png in Resources */,
				9F34B27A20B718FD00F23B8F /* logoHoutWit.png in Resources */,
				9F6A373420B6A8F800E11018 /* Main.storyboard in Resources */,
				9F34B27B20B718FD00F23B8F /* MetaalLogoBlauw.png in Resources */,
				9F34B26A20B6F5A300F23B8F /* Logo2.png in Resources */,
				9F0C093C20BD374E002715FB /* Tesla.png in Resources */,
				9F34B27520B718FD00F23B8F /* logoHout.png in Resources */,
				9F34B27720B718FD00F23B8F /* metaalLogo.png in Resources */,
			);
			runOnlyForDeploymentPostprocessing = 0;
		};
/* End PBXResourcesBuildPhase section */

/* Begin PBXShellScriptBuildPhase section */
		38E8F9E188FE922CE268E66E /* [CP] Check Pods Manifest.lock */ = {
			isa = PBXShellScriptBuildPhase;
			buildActionMask = 2147483647;
			files = (
			);
			inputPaths = (
				"${PODS_PODFILE_DIR_PATH}/Podfile.lock",
				"${PODS_ROOT}/Manifest.lock",
			);
			name = "[CP] Check Pods Manifest.lock";
			outputPaths = (
				"$(DERIVED_FILE_DIR)/Pods-LaFonderie-checkManifestLockResult.txt",
			);
			runOnlyForDeploymentPostprocessing = 0;
			shellPath = /bin/sh;
			shellScript = "diff \"${PODS_PODFILE_DIR_PATH}/Podfile.lock\" \"${PODS_ROOT}/Manifest.lock\" > /dev/null\nif [ $? != 0 ] ; then\n    # print error to STDERR\n    echo \"error: The sandbox is not in sync with the Podfile.lock. Run 'pod install' or update your CocoaPods installation.\" >&2\n    exit 1\nfi\n# This output is used by Xcode 'outputs' to avoid re-running this script phase.\necho \"SUCCESS\" > \"${SCRIPT_OUTPUT_FILE_0}\"\n";
			showEnvVarsInLog = 0;
		};
		C2F68E4F5C3FE63204E893E8 /* [CP] Embed Pods Frameworks */ = {
			isa = PBXShellScriptBuildPhase;
			buildActionMask = 2147483647;
			files = (
			);
			inputPaths = (
				"${SRCROOT}/Pods/Target Support Files/Pods-LaFonderie/Pods-LaFonderie-frameworks.sh",
				"${BUILT_PRODUCTS_DIR}/GoogleToolboxForMac/GoogleToolboxForMac.framework",
				"${BUILT_PRODUCTS_DIR}/leveldb-library/leveldb.framework",
				"${BUILT_PRODUCTS_DIR}/nanopb/nanopb.framework",
			);
			name = "[CP] Embed Pods Frameworks";
			outputPaths = (
				"${TARGET_BUILD_DIR}/${FRAMEWORKS_FOLDER_PATH}/GoogleToolboxForMac.framework",
				"${TARGET_BUILD_DIR}/${FRAMEWORKS_FOLDER_PATH}/leveldb.framework",
				"${TARGET_BUILD_DIR}/${FRAMEWORKS_FOLDER_PATH}/nanopb.framework",
			);
			runOnlyForDeploymentPostprocessing = 0;
			shellPath = /bin/sh;
			shellScript = "\"${SRCROOT}/Pods/Target Support Files/Pods-LaFonderie/Pods-LaFonderie-frameworks.sh\"\n";
			showEnvVarsInLog = 0;
		};
/* End PBXShellScriptBuildPhase section */

/* Begin PBXSourcesBuildPhase section */
		9F6A372720B6A8F800E11018 /* Sources */ = {
			isa = PBXSourcesBuildPhase;
			buildActionMask = 2147483647;
			files = (
				9F6A373120B6A8F800E11018 /* ViewController.swift in Sources */,
				C0B67D9420BE8EFB00BBED41 /* FirstArViewController.swift in Sources */,
				6C5312B120BD53BC007D39D7 /* mijnWebviewController.swift in Sources */,
				C0B67D9520BE8EFB00BBED41 /* ThirdArViewController.swift in Sources */,
				9F7B165320BC2BA6000C8AFA /* WinnaarViewController.swift in Sources */,
				9F6A373720B6A8F800E11018 /* LaFonderie.xcdatamodeld in Sources */,
				9F34B26C20B702EB00F23B8F /* KiesCategorieViewController.swift in Sources */,
				9F6A372F20B6A8F800E11018 /* AppDelegate.swift in Sources */,
				91D139E620B80C030041F3DC /* QRReaderViewController.swift in Sources */,
				C0B67D9720BE8EFB00BBED41 /* SecondArViewController.swift in Sources */,
				9F34B27E20B72F6E00F23B8F /* QuizViewController.swift in Sources */,
				C0B67D9620BE8EFB00BBED41 /* FourthArViewController.swift in Sources */,
				9F471E9420B7F7D8003BE5BB /* GebruikerViewController.swift in Sources */,
				9F7A743E20B6F0FD00FF5693 /* MaakTeamViewController.swift in Sources */,
			);
			runOnlyForDeploymentPostprocessing = 0;
		};
/* End PBXSourcesBuildPhase section */

/* Begin PBXVariantGroup section */
		9F6A373220B6A8F800E11018 /* Main.storyboard */ = {
			isa = PBXVariantGroup;
			children = (
				9F6A373320B6A8F800E11018 /* Base */,
			);
			name = Main.storyboard;
			sourceTree = "<group>";
		};
		9F6A373A20B6A8FA00E11018 /* LaunchScreen.storyboard */ = {
			isa = PBXVariantGroup;
			children = (
				9F6A373B20B6A8FA00E11018 /* Base */,
			);
			name = LaunchScreen.storyboard;
			sourceTree = "<group>";
		};
/* End PBXVariantGroup section */

/* Begin XCBuildConfiguration section */
		9F6A373E20B6A8FA00E11018 /* Debug */ = {
			isa = XCBuildConfiguration;
			buildSettings = {
				ALWAYS_SEARCH_USER_PATHS = NO;
				CLANG_ANALYZER_NONNULL = YES;
				CLANG_ANALYZER_NUMBER_OBJECT_CONVERSION = YES_AGGRESSIVE;
				CLANG_CXX_LANGUAGE_STANDARD = "gnu++14";
				CLANG_CXX_LIBRARY = "libc++";
				CLANG_ENABLE_MODULES = YES;
				CLANG_ENABLE_OBJC_ARC = YES;
				CLANG_ENABLE_OBJC_WEAK = YES;
				CLANG_WARN_BLOCK_CAPTURE_AUTORELEASING = YES;
				CLANG_WARN_BOOL_CONVERSION = YES;
				CLANG_WARN_COMMA = YES;
				CLANG_WARN_CONSTANT_CONVERSION = YES;
				CLANG_WARN_DEPRECATED_OBJC_IMPLEMENTATIONS = YES;
				CLANG_WARN_DIRECT_OBJC_ISA_USAGE = YES_ERROR;
				CLANG_WARN_DOCUMENTATION_COMMENTS = YES;
				CLANG_WARN_EMPTY_BODY = YES;
				CLANG_WARN_ENUM_CONVERSION = YES;
				CLANG_WARN_INFINITE_RECURSION = YES;
				CLANG_WARN_INT_CONVERSION = YES;
				CLANG_WARN_NON_LITERAL_NULL_CONVERSION = YES;
				CLANG_WARN_OBJC_IMPLICIT_RETAIN_SELF = YES;
				CLANG_WARN_OBJC_LITERAL_CONVERSION = YES;
				CLANG_WARN_OBJC_ROOT_CLASS = YES_ERROR;
				CLANG_WARN_RANGE_LOOP_ANALYSIS = YES;
				CLANG_WARN_STRICT_PROTOTYPES = YES;
				CLANG_WARN_SUSPICIOUS_MOVE = YES;
				CLANG_WARN_UNGUARDED_AVAILABILITY = YES_AGGRESSIVE;
				CLANG_WARN_UNREACHABLE_CODE = YES;
				CLANG_WARN__DUPLICATE_METHOD_MATCH = YES;
				CODE_SIGN_IDENTITY = "iPhone Developer";
				COPY_PHASE_STRIP = NO;
				DEBUG_INFORMATION_FORMAT = dwarf;
				ENABLE_STRICT_OBJC_MSGSEND = YES;
				ENABLE_TESTABILITY = YES;
				GCC_C_LANGUAGE_STANDARD = gnu11;
				GCC_DYNAMIC_NO_PIC = NO;
				GCC_NO_COMMON_BLOCKS = YES;
				GCC_OPTIMIZATION_LEVEL = 0;
				GCC_PREPROCESSOR_DEFINITIONS = (
					"DEBUG=1",
					"$(inherited)",
				);
				GCC_WARN_64_TO_32_BIT_CONVERSION = YES;
				GCC_WARN_ABOUT_RETURN_TYPE = YES_ERROR;
				GCC_WARN_UNDECLARED_SELECTOR = YES;
				GCC_WARN_UNINITIALIZED_AUTOS = YES_AGGRESSIVE;
				GCC_WARN_UNUSED_FUNCTION = YES;
				GCC_WARN_UNUSED_VARIABLE = YES;
				IPHONEOS_DEPLOYMENT_TARGET = 11.3;
				MTL_ENABLE_DEBUG_INFO = YES;
				ONLY_ACTIVE_ARCH = YES;
				SDKROOT = iphoneos;
				SWIFT_ACTIVE_COMPILATION_CONDITIONS = DEBUG;
				SWIFT_OPTIMIZATION_LEVEL = "-Onone";
			};
			name = Debug;
		};
		9F6A373F20B6A8FA00E11018 /* Release */ = {
			isa = XCBuildConfiguration;
			buildSettings = {
				ALWAYS_SEARCH_USER_PATHS = NO;
				CLANG_ANALYZER_NONNULL = YES;
				CLANG_ANALYZER_NUMBER_OBJECT_CONVERSION = YES_AGGRESSIVE;
				CLANG_CXX_LANGUAGE_STANDARD = "gnu++14";
				CLANG_CXX_LIBRARY = "libc++";
				CLANG_ENABLE_MODULES = YES;
				CLANG_ENABLE_OBJC_ARC = YES;
				CLANG_ENABLE_OBJC_WEAK = YES;
				CLANG_WARN_BLOCK_CAPTURE_AUTORELEASING = YES;
				CLANG_WARN_BOOL_CONVERSION = YES;
				CLANG_WARN_COMMA = YES;
				CLANG_WARN_CONSTANT_CONVERSION = YES;
				CLANG_WARN_DEPRECATED_OBJC_IMPLEMENTATIONS = YES;
				CLANG_WARN_DIRECT_OBJC_ISA_USAGE = YES_ERROR;
				CLANG_WARN_DOCUMENTATION_COMMENTS = YES;
				CLANG_WARN_EMPTY_BODY = YES;
				CLANG_WARN_ENUM_CONVERSION = YES;
				CLANG_WARN_INFINITE_RECURSION = YES;
				CLANG_WARN_INT_CONVERSION = YES;
				CLANG_WARN_NON_LITERAL_NULL_CONVERSION = YES;
				CLANG_WARN_OBJC_IMPLICIT_RETAIN_SELF = YES;
				CLANG_WARN_OBJC_LITERAL_CONVERSION = YES;
				CLANG_WARN_OBJC_ROOT_CLASS = YES_ERROR;
				CLANG_WARN_RANGE_LOOP_ANALYSIS = YES;
				CLANG_WARN_STRICT_PROTOTYPES = YES;
				CLANG_WARN_SUSPICIOUS_MOVE = YES;
				CLANG_WARN_UNGUARDED_AVAILABILITY = YES_AGGRESSIVE;
				CLANG_WARN_UNREACHABLE_CODE = YES;
				CLANG_WARN__DUPLICATE_METHOD_MATCH = YES;
				CODE_SIGN_IDENTITY = "iPhone Developer";
				COPY_PHASE_STRIP = NO;
				DEBUG_INFORMATION_FORMAT = "dwarf-with-dsym";
				ENABLE_NS_ASSERTIONS = NO;
				ENABLE_STRICT_OBJC_MSGSEND = YES;
				GCC_C_LANGUAGE_STANDARD = gnu11;
				GCC_NO_COMMON_BLOCKS = YES;
				GCC_WARN_64_TO_32_BIT_CONVERSION = YES;
				GCC_WARN_ABOUT_RETURN_TYPE = YES_ERROR;
				GCC_WARN_UNDECLARED_SELECTOR = YES;
				GCC_WARN_UNINITIALIZED_AUTOS = YES_AGGRESSIVE;
				GCC_WARN_UNUSED_FUNCTION = YES;
				GCC_WARN_UNUSED_VARIABLE = YES;
				IPHONEOS_DEPLOYMENT_TARGET = 11.3;
				MTL_ENABLE_DEBUG_INFO = NO;
				SDKROOT = iphoneos;
				SWIFT_COMPILATION_MODE = wholemodule;
				SWIFT_OPTIMIZATION_LEVEL = "-O";
				VALIDATE_PRODUCT = YES;
			};
			name = Release;
		};
		9F6A374120B6A8FA00E11018 /* Debug */ = {
			isa = XCBuildConfiguration;
			baseConfigurationReference = DBEC998831A1263E62EE7E53 /* Pods-LaFonderie.debug.xcconfig */;
			buildSettings = {
				ASSETCATALOG_COMPILER_APPICON_NAME = AppIcon;
				CODE_SIGN_STYLE = Automatic;
				DEVELOPMENT_TEAM = AQK2P5V9WM;
				INFOPLIST_FILE = LaFonderie/Info.plist;
				LD_RUNPATH_SEARCH_PATHS = (
					"$(inherited)",
					"@executable_path/Frameworks",
				);
				PRODUCT_BUNDLE_IDENTIFIER = ehb.gunnarhemmeryckx.LaFonderie;
				PRODUCT_NAME = "$(TARGET_NAME)";
				SWIFT_VERSION = 4.0;
				TARGETED_DEVICE_FAMILY = "1,2";
			};
			name = Debug;
		};
		9F6A374220B6A8FA00E11018 /* Release */ = {
			isa = XCBuildConfiguration;
			baseConfigurationReference = 0D3D646859E8F3CB75F15FE6 /* Pods-LaFonderie.release.xcconfig */;
			buildSettings = {
				ASSETCATALOG_COMPILER_APPICON_NAME = AppIcon;
				CODE_SIGN_STYLE = Automatic;
				DEVELOPMENT_TEAM = AQK2P5V9WM;
				INFOPLIST_FILE = LaFonderie/Info.plist;
				LD_RUNPATH_SEARCH_PATHS = (
					"$(inherited)",
					"@executable_path/Frameworks",
				);
				PRODUCT_BUNDLE_IDENTIFIER = ehb.gunnarhemmeryckx.LaFonderie;
				PRODUCT_NAME = "$(TARGET_NAME)";
				SWIFT_VERSION = 4.0;
				TARGETED_DEVICE_FAMILY = "1,2";
			};
			name = Release;
		};
/* End XCBuildConfiguration section */

/* Begin XCConfigurationList section */
		9F6A372620B6A8F800E11018 /* Build configuration list for PBXProject "LaFonderie" */ = {
			isa = XCConfigurationList;
			buildConfigurations = (
				9F6A373E20B6A8FA00E11018 /* Debug */,
				9F6A373F20B6A8FA00E11018 /* Release */,
			);
			defaultConfigurationIsVisible = 0;
			defaultConfigurationName = Release;
		};
		9F6A374020B6A8FA00E11018 /* Build configuration list for PBXNativeTarget "LaFonderie" */ = {
			isa = XCConfigurationList;
			buildConfigurations = (
				9F6A374120B6A8FA00E11018 /* Debug */,
				9F6A374220B6A8FA00E11018 /* Release */,
			);
			defaultConfigurationIsVisible = 0;
			defaultConfigurationName = Release;
		};
/* End XCConfigurationList section */

/* Begin XCVersionGroup section */
		9F6A373520B6A8F800E11018 /* LaFonderie.xcdatamodeld */ = {
			isa = XCVersionGroup;
			children = (
				9F6A373620B6A8F800E11018 /* LaFonderie.xcdatamodel */,
			);
			currentVersion = 9F6A373620B6A8F800E11018 /* LaFonderie.xcdatamodel */;
			path = LaFonderie.xcdatamodeld;
			sourceTree = "<group>";
			versionGroupType = wrapper.xcdatamodel;
		};
/* End XCVersionGroup section */
	};
	rootObject = 9F6A372320B6A8F800E11018 /* Project object */;
}
